github.com/asecurityteam/component-connstate v0.1.0 h1:S+lGjbziF/RHo+l/gswhpM3KqYb+uauviLh44gqQy8k=
github.com/asecurityteam/component-connstate v0.1.0/go.mod h1:VdNqIIK+CHbWbDv4COoyjAwkP3u4IoP5NVCQFBsyTSU=
github.com/asecurityteam/component-expvar v0.1.0 h1:AUOE/O1r5gYH/R3r0upG7juaZ+MrtKlb5KEocutodlQ=
github.com/asecurityteam/component-expvar v0.1.0/go.mod h1:M8TDepPm3bXMZ8QcpnlBCBcETSl7hsLnZ+UHsx7H6rQ=
github.com/asecurityteam/component-log v0.1.0 h1:jyktrvq0kMfbwUsMA6GGj9jgmkkGIciC8UQnrr0GkG0=
github.com/asecurityteam/component-log v0.1.0/go.mod h1:IkUEj6i4ZFtneNAuVV7Vne8GoMA3c6wrWbao/zJyF1s=
github.com/asecurityteam/component-signals v0.1.0 h1:aB/RxnOJmpqv4VYBGN0O1z4Ygul9BoqaF8BZ7Oj07Mg=
github.com/asecurityteam/component-signals v0.1.0/go.mod h1:WfBa3Yc5TSqqhDB4aaifDIGx33EGhKuKzhYlKe/aeMk=
github.com/asecurityteam/component-stat v0.1.0 h1:XTrPmQOyvs7iK5iW1ll6W5Eh7ZKDnZnrHtljYq1YAh8=
github.com/asecurityteam/component-stat v0.1.0/go.mod h1:OiwAVfs+FntaUimVzyjfzNf4oiKZxM6L73zfTVqfvdo=
github.com/asecurityteam/logevent v0.0.0-20190225122144-b32737d8d51c h1:v630DsE4nvEfDCdi7OJhoHyNTPwuBplkTfGdv9WogbE=
github.com/asecurityteam/logevent v0.0.0-20190225122144-b32737d8d51c/go.mod h1:B8p/D2QVPuRA9tiDTByVrXegCsrfy8bWEgnAka23EO0=
github.com/asecurityteam/settings v0.1.0 h1:W5CA/x0gby2Ilo6zV0GQVqgDdMX7AvcH8lMbrS718Io=
github.com/asecurityteam/settings v0.1.0/go.mod h1:Wb6bajm1AgHtjLP8ecv7RqUTCX1hvrIhgX4sF3Ras8c=
github.com/davecgh/go-spew v1.1.0/go.mod h1:J7Y8YcW2NihsgmVo/mv3lAwl/skON4iLHjSsI+c5H38=
github.com/davecgh/go-spew v1.1.1 h1:vj9j/u1bqnvCEfJOwUhtlOARqs3+rkHYY13jYWTU97c=
github.com/davecgh/go-spew v1.1.1/go.mod h1:J7Y8YcW2NihsgmVo/mv3lAwl/skON4iLHjSsI+c5H38=
github.com/fatih/structs v1.1.0 h1:Q7juDM0QtcnhCpeyLGQKyg4TOIghuNXrkL32pHAUMxo=
github.com/fatih/structs v1.1.0/go.mod h1:9NiDSp5zOcgEDl+j00MP/WkGVPOlPRLejGD8Ga6PJ7M=
github.com/go-chi/chi v1.0.0 h1:s/kv1cTXfivYjdKJdyUzNGyAWZ/2t7duW1gKn5ivu+c=
github.com/go-chi/chi v4.0.3+incompatible h1:gakN3pDJnzZN5jqFV2TEdF66rTfKeITyR8qu6ekICEY=
github.com/go-chi/chi v4.0.3+incompatible/go.mod h1:eB3wogJHnLi3x/kFX2A+IbTBlXxmMeXJVKy9tTv1XzQ=
github.com/go-yaml/yaml v2.1.0+incompatible h1:RYi2hDdss1u4YE7GwixGzWwVo47T8UQwnTLB6vQiq+o=
github.com/go-yaml/yaml v2.1.0+incompatible/go.mod h1:w2MrLa16VYP0jy6N7M5kHaCkaLENm+P+Tv+MfurjSw0=
github.com/golang/mock v1.2.0 h1:28o5sBqPkBsMGnC6b4MvE2TzSr5/AT4c/1fLqVGIwlk=
github.com/golang/mock v1.2.0/go.mod h1:oTYuIxOrZwtPieC+H1uAHpcLFnEyAGVDL/k47Jfbm0A=
github.com/pmezard/go-difflib v1.0.0 h1:4DBwDE0NGyQoBHbLQYPwSUPoCMWR5BEzIk/f1lZbAQM=
github.com/pmezard/go-difflib v1.0.0/go.mod h1:iKH77koFhYxTK1pcRnkKkqfTogsbg7gZNVY4sRDYZ/4=
github.com/rs/xhandler v0.0.0-20151224012956-d9d9599b6aaf h1:Df4QtDSQdFg5jenZonLrGr7iREOI/YAwYp18P7xjwPk=
github.com/rs/xhandler v0.0.0-20151224012956-d9d9599b6aaf/go.mod h1:RvLn4FgxWubrpZHtQLnOf6EwhN2hEMusxZOhcW9H3UQ=
github.com/rs/xstats v0.0.0-20170813190920-c67367528e16 h1:m0aigb++JZXs+tzTO60LOOKSOXWyr7scDxlaSvU6HN8=
github.com/rs/xstats v0.0.0-20170813190920-c67367528e16/go.mod h1:5Cg6M3g+Dp4RSFNYBtjJxxjksZc00LbESra5Sz6fGSU=
github.com/rs/zerolog v1.11.0 h1:DRuq/S+4k52uJzBQciUcofXx45GrMC6yrEbb/CoK6+M=
github.com/rs/zerolog v1.11.0/go.mod h1:YbFCdg8HfsridGWAh22vktObvhZbQsZXe4/zB0OKkWU=
github.com/spf13/cast v1.3.0 h1:oget//CVOEoFewqQxwr0Ej5yjygnqGkvggSE/gB35Q8=
github.com/spf13/cast v1.3.0/go.mod h1:Qx5cxh0v+4UWYiBimWS+eyWzqEqokIECu5etghLkUJE=
github.com/stretchr/objx v0.1.0/go.mod h1:HFkY916IF+rwdDfMAkV7OtwuqBVzrE8GR6GFx+wExME=
github.com/stretchr/testify v1.2.2/go.mod h1:a8OnRcib4nhh0OaRAV+Yts87kKdq0PP7pXfy6kDkUVs=
github.com/stretchr/testify v1.3.0 h1:TivCn/peBQ7UY8ooIcPgZFpTNSz0Q2U6UrFlUfqbe0Q=
github.com/stretchr/testify v1.3.0/go.mod h1:M5WIy9Dh21IEIfnGCwXGc5bZfKNJtfHm1UVUgZn+9EI=
golang.org/x/net v0.0.0-20190213061140-3a22650c66bd h1:HuTn7WObtcDo9uEEU7rEqL0jYthdXAmZ6PP+meazmaU=
golang.org/x/net v0.0.0-20190213061140-3a22650c66bd/go.mod h1:mL1N/T3taQHkDXs73rZJwtUhF3w3ftmwwsq0BUmARs4=
